
Microsoft Visual Studio Solution File, Format Version 12.00
# Visual Studio Version 17
VisualStudioVersion = 17.5.33424.131
MinimumVisualStudioVersion = 10.0.40219.1
Project("{8BC9CEB8-8B4A-11D0-8D11-00A0C91BC942}") = "Day1", "Day1.vcxproj", "{B9AD3CC7-3DD2-4264-BDD7-FB5FFC8ACF03}"
EndProject
Global
	GlobalSection(SolutionConfigurationPlatforms) = preSolution
		Debug|x64 = Debug|x64
		Debug|x86 = Debug|x86
		Release|x64 = Release|x64
		Release|x86 = Release|x86
	EndGlobalSection
	GlobalSection(ProjectConfigurationPlatforms) = postSolution
		{B9AD3CC7-3DD2-4264-BDD7-FB5FFC8ACF03}.Debug|x64.ActiveCfg = Debug|x64
		{B9AD3CC7-3DD2-4264-BDD7-FB5FFC8ACF03}.Debug|x64.Build.0 = Debug|x64
		{B9AD3CC7-3DD2-4264-BDD7-FB5FFC8ACF03}.Debug|x86.ActiveCfg = Debug|Win32
		{B9AD3CC7-3DD2-4264-BDD7-FB5FFC8ACF03}.Debug|x86.Build.0 = Debug|Win32
		{B9AD3CC7-3DD2-4264-BDD7-FB5FFC8ACF03}.Release|x64.ActiveCfg = Release|x64
		{B9AD3CC7-3DD2-4264-BDD7-FB5FFC8ACF03}.Release|x64.Build.0 = Release|x64
		{B9AD3CC7-3DD2-4264-BDD7-FB5FFC8ACF03}.Release|x86.ActiveCfg = Release|Win32
		{B9AD3CC7-3DD2-4264-BDD7-FB5FFC8ACF03}.Release|x86.Build.0 = Release|Win32
	EndGlobalSection
	GlobalSection(SolutionProperties) = preSolution
		HideSolutionNode = FALSE
	EndGlobalSection
	GlobalSection(ExtensibilityGlobals) = postSolution
		SolutionGuid = {A5507316-D0F4-46EE-9DC4-EEC0006E0BC3}
	EndGlobalSection
EndGlobal
